
Microsoft Visual Studio Solution File, Format Version 12.00
# Visual Studio Version 16
VisualStudioVersion = 16.0.30114.105
MinimumVisualStudioVersion = 10.0.40219.1
Project("{FAE04EC0-301F-11D3-BF4B-00C04F79EFBC}") = "API", "API\API.csproj", "{9B01E327-F66A-4191-9286-AB604C6F8CB9}"
EndProject
Project("{FAE04EC0-301F-11D3-BF4B-00C04F79EFBC}") = "Application", "Application\Application.csproj", "{44388022-EB9D-45D5-9506-D7781E1380D2}"
EndProject
Project("{FAE04EC0-301F-11D3-BF4B-00C04F79EFBC}") = "Domain", "Domain\Domain.csproj", "{C9002F46-3B08-4CC0-8AD1-069572FAC1EB}"
EndProject
Project("{FAE04EC0-301F-11D3-BF4B-00C04F79EFBC}") = "Persistence", "Persistence\Persistence.csproj", "{889D9E85-4F34-41E1-94A5-5A7CDB1DB286}"
EndProject
Global
	GlobalSection(SolutionConfigurationPlatforms) = preSolution
		Debug|Any CPU = Debug|Any CPU
		Release|Any CPU = Release|Any CPU
	EndGlobalSection
	GlobalSection(SolutionProperties) = preSolution
		HideSolutionNode = FALSE
	EndGlobalSection
	GlobalSection(ProjectConfigurationPlatforms) = postSolution
		{9B01E327-F66A-4191-9286-AB604C6F8CB9}.Debug|Any CPU.ActiveCfg = Debug|Any CPU
		{9B01E327-F66A-4191-9286-AB604C6F8CB9}.Debug|Any CPU.Build.0 = Debug|Any CPU
		{9B01E327-F66A-4191-9286-AB604C6F8CB9}.Release|Any CPU.ActiveCfg = Release|Any CPU
		{9B01E327-F66A-4191-9286-AB604C6F8CB9}.Release|Any CPU.Build.0 = Release|Any CPU
		{44388022-EB9D-45D5-9506-D7781E1380D2}.Debug|Any CPU.ActiveCfg = Debug|Any CPU
		{44388022-EB9D-45D5-9506-D7781E1380D2}.Debug|Any CPU.Build.0 = Debug|Any CPU
		{44388022-EB9D-45D5-9506-D7781E1380D2}.Release|Any CPU.ActiveCfg = Release|Any CPU
		{44388022-EB9D-45D5-9506-D7781E1380D2}.Release|Any CPU.Build.0 = Release|Any CPU
		{C9002F46-3B08-4CC0-8AD1-069572FAC1EB}.Debug|Any CPU.ActiveCfg = Debug|Any CPU
		{C9002F46-3B08-4CC0-8AD1-069572FAC1EB}.Debug|Any CPU.Build.0 = Debug|Any CPU
		{C9002F46-3B08-4CC0-8AD1-069572FAC1EB}.Release|Any CPU.ActiveCfg = Release|Any CPU
		{C9002F46-3B08-4CC0-8AD1-069572FAC1EB}.Release|Any CPU.Build.0 = Release|Any CPU
		{889D9E85-4F34-41E1-94A5-5A7CDB1DB286}.Debug|Any CPU.ActiveCfg = Debug|Any CPU
		{889D9E85-4F34-41E1-94A5-5A7CDB1DB286}.Debug|Any CPU.Build.0 = Debug|Any CPU
		{889D9E85-4F34-41E1-94A5-5A7CDB1DB286}.Release|Any CPU.ActiveCfg = Release|Any CPU
		{889D9E85-4F34-41E1-94A5-5A7CDB1DB286}.Release|Any CPU.Build.0 = Release|Any CPU
	EndGlobalSection
EndGlobal
